
Microsoft Visual Studio Solution File, Format Version 12.00
# Visual Studio Version 17
VisualStudioVersion = 17.11.35327.3
MinimumVisualStudioVersion = 10.0.40219.1
Project("{9A19103F-16F7-4668-BE54-9A1E7A4F7556}") = "ConsoleTerminal", "ConsoleTerminal\ConsoleTerminal.csproj", "{FA678335-951F-4352-A643-39F79857B0EF}"
EndProject
Project("{9A19103F-16F7-4668-BE54-9A1E7A4F7556}") = "MetaTrader5Terminal", "MetaTrader5Terminal\MetaTrader5Terminal.csproj", "{BAA7396A-28CE-414B-9826-3B327D55C512}"
EndProject
Project("{FAE04EC0-301F-11D3-BF4B-00C04F79EFBC}") = "Test", "Test\Test.csproj", "{D014AD16-0AF2-4C01-B2DD-094FCAC0AE8A}"
EndProject
Global
	GlobalSection(SolutionConfigurationPlatforms) = preSolution
		Debug|Any CPU = Debug|Any CPU
		Release|Any CPU = Release|Any CPU
	EndGlobalSection
	GlobalSection(ProjectConfigurationPlatforms) = postSolution
		{FA678335-951F-4352-A643-39F79857B0EF}.Debug|Any CPU.ActiveCfg = Debug|Any CPU
		{FA678335-951F-4352-A643-39F79857B0EF}.Debug|Any CPU.Build.0 = Debug|Any CPU
		{FA678335-951F-4352-A643-39F79857B0EF}.Release|Any CPU.ActiveCfg = Release|Any CPU
		{FA678335-951F-4352-A643-39F79857B0EF}.Release|Any CPU.Build.0 = Release|Any CPU
		{BAA7396A-28CE-414B-9826-3B327D55C512}.Debug|Any CPU.ActiveCfg = Debug|Any CPU
		{BAA7396A-28CE-414B-9826-3B327D55C512}.Debug|Any CPU.Build.0 = Debug|Any CPU
		{BAA7396A-28CE-414B-9826-3B327D55C512}.Release|Any CPU.ActiveCfg = Release|Any CPU
		{BAA7396A-28CE-414B-9826-3B327D55C512}.Release|Any CPU.Build.0 = Release|Any CPU
		{D014AD16-0AF2-4C01-B2DD-094FCAC0AE8A}.Debug|Any CPU.ActiveCfg = Debug|Any CPU
		{D014AD16-0AF2-4C01-B2DD-094FCAC0AE8A}.Debug|Any CPU.Build.0 = Debug|Any CPU
		{D014AD16-0AF2-4C01-B2DD-094FCAC0AE8A}.Release|Any CPU.ActiveCfg = Release|Any CPU
		{D014AD16-0AF2-4C01-B2DD-094FCAC0AE8A}.Release|Any CPU.Build.0 = Release|Any CPU
	EndGlobalSection
	GlobalSection(SolutionProperties) = preSolution
		HideSolutionNode = FALSE
	EndGlobalSection
	GlobalSection(ExtensibilityGlobals) = postSolution
		SolutionGuid = {BD4E533E-82ED-469B-8AEE-750E4CAA363E}
	EndGlobalSection
EndGlobal
